
Microsoft Visual Studio Solution File, Format Version 12.00
# Visual Studio Version 16
VisualStudioVersion = 16.0.810.11
MinimumVisualStudioVersion = 10.0.40219.1
Project("{FAE04EC0-301F-11D3-BF4B-00C04F79EFBC}") = "ScuffedTerraria", "ScuffedTerraria.csproj", "{8DF87C65-1E1C-4C31-A358-897F6B008A70}"
EndProject
Global
	GlobalSection(SolutionConfigurationPlatforms) = preSolution
		Debug|Any CPU = Debug|Any CPU
		Release|Any CPU = Release|Any CPU
	EndGlobalSection
	GlobalSection(ProjectConfigurationPlatforms) = postSolution
		{8DF87C65-1E1C-4C31-A358-897F6B008A70}.Debug|Any CPU.ActiveCfg = Debug|Any CPU
		{8DF87C65-1E1C-4C31-A358-897F6B008A70}.Debug|Any CPU.Build.0 = Debug|Any CPU
		{8DF87C65-1E1C-4C31-A358-897F6B008A70}.Release|Any CPU.ActiveCfg = Release|Any CPU
		{8DF87C65-1E1C-4C31-A358-897F6B008A70}.Release|Any CPU.Build.0 = Release|Any CPU
	EndGlobalSection
	GlobalSection(SolutionProperties) = preSolution
		HideSolutionNode = FALSE
	EndGlobalSection
	GlobalSection(ExtensibilityGlobals) = postSolution
		SolutionGuid = {799D24DF-0581-407F-81B3-B98797D99865}
	EndGlobalSection
EndGlobal
